commit	9b28746811cf7fff3dffd44f0b6d21391b1528b9	sakshi	https://github.com/MacCracken/sakshi.git	2.4.3
d9f3b17ddbbe1bba48917c3a679807b01c39c4a1ce776efdbdfbb7a1680e86e4  lib/tagged.cyr
d0e618655388c9d43c9927a9f5b306e61cb333546abc166f4f280a25993624f5  lib/net.cyr
d7a14f337a9e8c67ac95023cddf58614a21d8aacd2eb1736da798843ccf0deba  lib/syscalls_macos.cyr
c3d7a9d8c6d9f65e1c40c8aafed02fabfecb616ba583384e5582ff0f5906f54d  lib/bayan.cyr
1f37b1a26c04b67b76191282bde9f4a2b3129286afaa9671f603e89f95be1006  lib/mmap.cyr
8a3e4378e75eefbf7e6d8d098449dbe909f9b9b80a2a72624adb250eb4335c09  lib/str.cyr
7134582c287e7412f33b912f113587b153025e1355e5f6f7a09d426886b109fa  lib/libro.cyr
15cfae186336b82046c1786c71befa1050722fedab3d91824c35703aa4bb9b85  lib/alloc_agnos.cyr
a2f8cc7add89c4c02a33d4c1562a05a81f9b6edae1233a5002cae7e5e9377619  lib/majra.cyr
e07e2b7c06bd87385daa95b98047979c85e542306b40f590d06d38f36c76fcdf  lib/thread_agnos.cyr
ef04e8a97cb8519ba99fc80aaf8c49e7475f15eb1d924b900e6222ee34c5058f  lib/alloc_macos.cyr
c7b3bf5beebddc082d4fa643a7113deaf26d0fd80dd5cd70ba0e3c21671107d0  lib/fs_win.cyr
27c9752b70e797b43d30204e5077749526144495ba7021b1272067f3236d81f9  lib/args_agnos.cyr
d5877d16113051fb95dae31717efc679c94b17a34667805b56e52a345bc48f8f  lib/freelist.cyr
014e7f73ba8d43cdb642bdcc716007da67bfa9e2cdefe62742b41c89297697ab  lib/regex.cyr
ac55a4ff22d49ccf6c44893be077e1c824825aed845d82c04767f4f87c29d6da  lib/sync_macos.cyr
8d9395d808648f3112e268086ea2f31e6b2248977b5c3d5fe9ac411c3f3edfb0  lib/sakshi.cyr
096eabc580c807f3e378fbe56058780a28cdf95b9c70b44672bca0a71cf969f6  lib/ct.cyr
7b045871f231519e65f28a4b7abfbae6dd8e586ce03053fd367b3a119e8303c9  lib/atomic.cyr
ff14f0d7999956754937f612c0aa60719c138f0967a81019cf99e08aae088087  lib/string.cyr
27775baa47ce93c372677e36c40cd4761433e724fbecb75c491b5c52d71e8b91  lib/process.cyr
0d1dc162866327cdea376c2177090cfdfc4779227c15d2da0d04fffc058e738d  lib/alloc.cyr
6042b52c3ea4a5cf770ba7c4f8a81eea1fef27d409313e140c1ae9c9526d3c8c  lib/sigil.cyr
e1a1fc06a604cf14c5bd2b5d21dec1e459897f3a8dceb03bcc66de6d178c01a2  lib/syscalls_x86_64_linux.cyr
3c52392ffdf9d92c9408516f636529ac13eb01d3cbeaec41df8c8c69eda2a61d  lib/syscalls_x86_64_agnos.cyr
150bb9efad587ae139d8df81d62c7578c8ab20d3c6964004908929657b597c12  lib/fmt.cyr
84611780a6809901b0e76fd2debb7bd089df8fb290901814bc06a38585eca359  lib/assert.cyr
619f0bce74b6b1ec0acf8ce3ed6839fe0a7c043bf16af6bae4e06f5e492af874  lib/args.cyr
8232f2b1c7935f89c26703d3fde48c6fc4c2951d0a1b6a1d92043407cfbe52ce  lib/patra.cyr
af3dc72c3e2d0f94ea4d4a6bdeb60963cd36e7849b7ccf06299bf5c616de7100  lib/sync_windows.cyr
2d4e4d3c902703abe307a598e3368da133daac9dbb7dde208461959d203e3caf  lib/chrono.cyr
861dedc4d9c07fcf1e431551e469890953a1b02e321354585742c1ed281a9fcf  lib/syscalls.cyr
c84a1f596bcf2c7ac5c364bf49f06809834a8dd69ed6ebb03fcb2e4cfbea124a  lib/thread_local.cyr
0230ab283eee5e5da862775815ac68e0eaf97cbf684d960c0158856939c00a9c  lib/alloc_windows.cyr
c882b87d1dc16dbf64a811ff83921869f794eb21a048b302e572d0d168d7ee98  lib/thread_win.cyr
df25d9483ddddccf25b395fa1c287b240864992f2519af2e15a4572de278ad06  lib/thread.cyr
f7b9d52f29de6d3d633962ccc765a76637091a7256eebc1da5547530eed2c44b  lib/args_win.cyr
03b00c6f58f54f690505d94bc6d173c0e4ec64e709288f43939fbc7f756847ce  lib/process_agnos.cyr
f6563cc78843147905c8a7e957da1d182d696a371ba392347d1e1522f42a993c  lib/syscalls_aarch64_linux.cyr
0e0b4433fe1eb9387ce837eede36a401ba301e912a0c57e5731b8b058e9a1013  lib/bote-core.cyr
543be460c6d2a9922e47f4dafb4fae981802f74827b935d4ec9dadb35870cb43  lib/keccak.cyr
19bcb006802c5d158ce1b9e0090a07da7e4d1092236f9850c61ebcbf294021c4  lib/vec.cyr
6a987c9bd5278a0e0895ea8a97ad502db7b59d670537676d42eba22241d168bd  lib/fs.cyr
34460df54170e0cc60ec3cd78c221f14bfab015e3f6b48e966178ae854f65084  lib/io.cyr
e5c01430c59451f1e4e75e371b7c5d25cbf3b4b02f2eb30e680358bbb809ffbb  lib/sync.cyr
724cb440922e89ff60c76eba23670eeee53b9d1f3ffdde31ebe2e2f9badda9ed  lib/slice.cyr
9fd6444e8cfcf7950837e955473adc5bab6d7bf4fa2c15f8ce2578360c4100eb  lib/hashmap.cyr
1cdc1b90422f3eba341630badab05ad22af32f747d65a4098d4703081da996cb  lib/fnptr.cyr
8bbcb23edfd05adf4c9efe22c9a24f5beefaf43d02bdd50c9eac3ed183bc9967  lib/syscalls_windows.cyr
de4598e4862fdc8d02195688b9aacc91e888d5f6b85d9fac08f4b7af9daaca19  lib/random.cyr
adc7a17efb71a262cf322ca99050ff28d364b4c8117f1512fac384c3c2aae81d  lib/syscalls_linux_common.cyr
31d19d90fee304c2788582abac596e1a7d06fb376800c70343b6492b6226cd26  lib/process_win.cyr
d64b87c0794e921dd8a5c199ff9777b7cccca5c109adcc6556b26487251db8ec  lib/args_macos.cyr
bf99f1f02ef990694c35be2f27fdaf3ec06ee9c3a546f4c8f9e06970f90fb9c1  lib/result.cyr
