efd6f013f4b07aefadd993c102dcb7ff4636978c7376eb7ba4ac66a70c79ecc6  lib/libro.cyr
bcbbfc395d87a8d1a02c0e693dc15d8592c1efc818a115ccf8f71a48ea8daf3d  lib/bote-core.cyr
f4aba2b70721b3726b467a7a8833dbf50cf0ee958f062e3a31def37e3caf9f43  lib/sigil.cyr
fb164d1713399c0e246e4fbb027570f5ff43a2cec67972c48e3da1bb1d9d2da1  lib/patra.cyr
3cd95e522962c38ddf606cb2e7cb37bda552a24526a58a85fb22ae07b2596582  lib/agnosys.cyr
a1e5e80528ae1a59128289f335637c8d62371f876c59677f0269a6f3fd02ad19  lib/majra.cyr
c495cb755565754f1b916466336eb577b99b1d12e02d3460a911c812418e4fd5  lib/sakshi.cyr
