d9f3b17ddbbe1bba48917c3a679807b01c39c4a1ce776efdbdfbb7a1680e86e4  lib/tagged.cyr
02a290ad2c1daf47256adaa73f7c3d5e25d8cc57891dea0e037750ae83f9dfa3  lib/net.cyr
d7a14f337a9e8c67ac95023cddf58614a21d8aacd2eb1736da798843ccf0deba  lib/syscalls_macos.cyr
90d01355e0fd6e0e621d38d418e9ac1095b1efcf7e94c9b5e7b78603727c2e1b  lib/mmap.cyr
f7852e63d5d26359956b455f270a138a80ca4de1bc00ba4cd3fa56c346b9a139  lib/str.cyr
b676c7ac83cb7cdd02143f6e5004908db06679dbd08fb3c50c0ac718fdb2325b  lib/libro.cyr
1989de8615f151f007e6983170887cddfd1c654b3fd81c73b4c811b9ccf5ac7b  lib/base64.cyr
e340c799b24369d4d26a9ae6eaa6e2a91087d7aca2b00adf0114a5ae31b7c3bf  lib/alloc_agnos.cyr
f73738630ac6415273b3e777a96515720e2c121b38cdc9ff05558b3b5fb700b3  lib/majra.cyr
ef04e8a97cb8519ba99fc80aaf8c49e7475f15eb1d924b900e6222ee34c5058f  lib/alloc_macos.cyr
2eaf6a60c271c6afd70a7b3ce408ab238dd559c4bd3897f3e72ca40c8c70bf4c  lib/args_agnos.cyr
d5877d16113051fb95dae31717efc679c94b17a34667805b56e52a345bc48f8f  lib/freelist.cyr
30abbdfd10790b852144e20dc9fdf1503336fb94940ec7a4ce37ec92dcfad746  lib/regex.cyr
7ccef22f084a040b427cf3de5cd774398d8b054a3ba0c1f1960b12b9ff0657ea  lib/sakshi.cyr
096eabc580c807f3e378fbe56058780a28cdf95b9c70b44672bca0a71cf969f6  lib/ct.cyr
3875ffd12d9e805e3a540990cfa82724bab991746ae328c1a40ebd1f23032ac3  lib/atomic.cyr
23d3b6810c59eb71c7237e14a0ef7ebacba3806da71cec42ffec2b0165a5c975  lib/agnosys.cyr
ff14f0d7999956754937f612c0aa60719c138f0967a81019cf99e08aae088087  lib/string.cyr
e95be4a865e19703d4f1325a20a21ce4c4fd1b4d7fbcc7c83a1058dd1192bbec  lib/alloc.cyr
39861869b32449660b9ef196855e49244496314f3f1aacfdac13bc9e2fb086b8  lib/sigil.cyr
b14bb6c56508fcf5a1d58aacf834df51e303473c0f61cda88e27bd3895b3c279  lib/syscalls_x86_64_linux.cyr
f29ea4cf3b2c0541f29e144b33dba90f7a30ee7ab00b2dac89f7987e61efdfb4  lib/syscalls_x86_64_agnos.cyr
150bb9efad587ae139d8df81d62c7578c8ab20d3c6964004908929657b597c12  lib/fmt.cyr
c9e220ca9bcb929cbc682e9b7eed7086b3b5a90474d562b600e137fde85eb7f0  lib/assert.cyr
619f0bce74b6b1ec0acf8ce3ed6839fe0a7c043bf16af6bae4e06f5e492af874  lib/args.cyr
0633469aa6cc19760021c170152a7e9ac46256c22a860329836e2e7e02e3301d  lib/patra.cyr
2da010aac142d5f0399b5a7da30c72676ab9e5857969d557cfe4f7dec60423e7  lib/bigint.cyr
ecfb4ad1a958d604579b53158e771d691be1b00a5ef22faec6501c2d6ca8c13e  lib/chrono.cyr
861dedc4d9c07fcf1e431551e469890953a1b02e321354585742c1ed281a9fcf  lib/syscalls.cyr
2db8769601b545a969fb7fa4681109cea3c6c1ef2bba74df340d53060a2ee929  lib/thread_local.cyr
0230ab283eee5e5da862775815ac68e0eaf97cbf684d960c0158856939c00a9c  lib/alloc_windows.cyr
c882b87d1dc16dbf64a811ff83921869f794eb21a048b302e572d0d168d7ee98  lib/thread_win.cyr
65215a960b43d57d0249be2970c6b12a70c74d250db30a471212d2823466de15  lib/thread.cyr
f7b9d52f29de6d3d633962ccc765a76637091a7256eebc1da5547530eed2c44b  lib/args_win.cyr
81e8c46c0b2e6be30ec7edd6a6c6b870da4779bb16bcd282c1e000180fd8da8b  lib/syscalls_aarch64_linux.cyr
9ccbc74e203a3b73e571244f219659205fd3ca355ae4ee323485366a5762bee0  lib/bote-core.cyr
543be460c6d2a9922e47f4dafb4fae981802f74827b935d4ec9dadb35870cb43  lib/keccak.cyr
2c3c53abbf04b63baa7a28956c69eb78272f9ff587a472d302f8108a31ea4a47  lib/vec.cyr
2d3e92be9cb8be5a5f9f12e0a5c687a870a405d6d052ece9344833804708d083  lib/io.cyr
724cb440922e89ff60c76eba23670eeee53b9d1f3ffdde31ebe2e2f9badda9ed  lib/slice.cyr
afe2bf6afca490f24b329992b2b79eeca29a6a0faf5875f7371f6058c90ce7c8  lib/hashmap.cyr
af30844628c715c51cad83addf05c9de4fb12d4b84f97801322448b2df1091b1  lib/fnptr.cyr
c687ff6f4784ca309c119c97de1c3f730e0da9e36d2cc82fbaaaeedc1da76027  lib/syscalls_windows.cyr
de4598e4862fdc8d02195688b9aacc91e888d5f6b85d9fac08f4b7af9daaca19  lib/random.cyr
86c4e2b20a7b376279c6e7f905744182aa120b8eb1d737cd173fc2ea8e799ff3  lib/json.cyr
96e804b93e6a3abe62ba72fc5fbaeac7c28d56d701eb9515b670681d56ed75c1  lib/syscalls_linux_common.cyr
a59cad46612c7eeee889c7baa7db38c7c40f31f7c59fe34baba80135fd67bfc7  lib/args_macos.cyr
55ffe9a910b214a8dd6fcafce5ee1ba5c86ff8e4f7d79f9c32068019bd013c71  lib/result.cyr
